// !$*UTF8*$!
{
	archiveVersion = 1;
	classes = {
	};
	objectVersion = 56;
	objects = {

/* Begin PBXBuildFile section */
		670FC9862C35EE490005D584 /* AppDelegate.swift in Sources */ = {isa = PBXBuildFile; fileRef = 670FC9852C35EE490005D584 /* AppDelegate.swift */; };
		670FC9882C35EE490005D584 /* SceneDelegate.swift in Sources */ = {isa = PBXBuildFile; fileRef = 670FC9872C35EE490005D584 /* SceneDelegate.swift */; };
		670FC98A2C35EE490005D584 /* ViewController.swift in Sources */ = {isa = PBXBuildFile; fileRef = 670FC9892C35EE490005D584 /* ViewController.swift */; };
		670FC98D2C35EE490005D584 /* Base in Resources */ = {isa = PBXBuildFile; fileRef = 670FC98C2C35EE490005D584 /* Base */; };
		670FC98F2C35EE4A0005D584 /* Assets.xcassets in Resources */ = {isa = PBXBuildFile; fileRef = 670FC98E2C35EE4A0005D584 /* Assets.xcassets */; };
		670FC9922C35EE4A0005D584 /* Base in Resources */ = {isa = PBXBuildFile; fileRef = 670FC9912C35EE4A0005D584 /* Base */; };
		670FC99D2C35EE4A0005D584 /* QR_GeneratorTests.swift in Sources */ = {isa = PBXBuildFile; fileRef = 670FC99C2C35EE4A0005D584 /* QR_GeneratorTests.swift */; };
		670FC9A72C35EE4A0005D584 /* QR_GeneratorUITests.swift in Sources */ = {isa = PBXBuildFile; fileRef = 670FC9A62C35EE4A0005D584 /* QR_GeneratorUITests.swift */; };
		670FC9A92C35EE4A0005D584 /* QR_GeneratorUITestsLaunchTests.swift in Sources */ = {isa = PBXBuildFile; fileRef = 670FC9A82C35EE4A0005D584 /* QR_GeneratorUITestsLaunchTests.swift */; };
		670FC9B62C35FCD90005D584 /* ViewModel.swift in Sources */ = {isa = PBXBuildFile; fileRef = 670FC9B52C35FCD90005D584 /* ViewModel.swift */; };
		670FC9B82C4157FF0005D584 /* QRGeneration.swift in Sources */ = {isa = PBXBuildFile; fileRef = 670FC9B72C4157FF0005D584 /* QRGeneration.swift */; };
/* End PBXBuildFile section */

/* Begin PBXContainerItemProxy section */
		670FC9992C35EE4A0005D584 /* PBXContainerItemProxy */ = {
			isa = PBXContainerItemProxy;
			containerPortal = 670FC97A2C35EE490005D584 /* Project object */;
			proxyType = 1;
			remoteGlobalIDString = 670FC9812C35EE490005D584;
			remoteInfo = "QR Generator";
		};
		670FC9A32C35EE4A0005D584 /* PBXContainerItemProxy */ = {
			isa = PBXContainerItemProxy;
			containerPortal = 670FC97A2C35EE490005D584 /* Project object */;
			proxyType = 1;
			remoteGlobalIDString = 670FC9812C35EE490005D584;
			remoteInfo = "QR Generator";
		};
/* End PBXContainerItemProxy section */

/* Begin PBXFileReference section */
		670FC9822C35EE490005D584 /* QR Generator.app */ = {isa = PBXFileReference; explicitFileType = wrapper.application; includeInIndex = 0; path = "QR Generator.app"; sourceTree = BUILT_PRODUCTS_DIR; };
		670FC9852C35EE490005D584 /* AppDelegate.swift */ = {isa = PBXFileReference; lastKnownFileType = sourcecode.swift; path = AppDelegate.swift; sourceTree = "<group>"; };
		670FC9872C35EE490005D584 /* SceneDelegate.swift */ = {isa = PBXFileReference; lastKnownFileType = sourcecode.swift; path = SceneDelegate.swift; sourceTree = "<group>"; };
		670FC9892C35EE490005D584 /* ViewController.swift */ = {isa = PBXFileReference; lastKnownFileType = sourcecode.swift; path = ViewController.swift; sourceTree = "<group>"; };
		670FC98C2C35EE490005D584 /* Base */ = {isa = PBXFileReference; lastKnownFileType = file.storyboard; name = Base; path = Base.lproj/Main.storyboard; sourceTree = "<group>"; };
		670FC98E2C35EE4A0005D584 /* Assets.xcassets */ = {isa = PBXFileReference; lastKnownFileType = folder.assetcatalog; path = Assets.xcassets; sourceTree = "<group>"; };
		670FC9912C35EE4A0005D584 /* Base */ = {isa = PBXFileReference; lastKnownFileType = file.storyboard; name = Base; path = Base.lproj/LaunchScreen.storyboard; sourceTree = "<group>"; };
		670FC9932C35EE4A0005D584 /* Info.plist */ = {isa = PBXFileReference; lastKnownFileType = text.plist.xml; path = Info.plist; sourceTree = "<group>"; };
		670FC9982C35EE4A0005D584 /* QR GeneratorTests.xctest */ = {isa = PBXFileReference; explicitFileType = wrapper.cfbundle; includeInIndex = 0; path = "QR GeneratorTests.xctest"; sourceTree = BUILT_PRODUCTS_DIR; };
		670FC99C2C35EE4A0005D584 /* QR_GeneratorTests.swift */ = {isa = PBXFileReference; lastKnownFileType = sourcecode.swift; path = QR_GeneratorTests.swift; sourceTree = "<group>"; };
		670FC9A22C35EE4A0005D584 /* QR GeneratorUITests.xctest */ = {isa = PBXFileReference; explicitFileType = wrapper.cfbundle; includeInIndex = 0; path = "QR GeneratorUITests.xctest"; sourceTree = BUILT_PRODUCTS_DIR; };
		670FC9A62C35EE4A0005D584 /* QR_GeneratorUITests.swift */ = {isa = PBXFileReference; lastKnownFileType = sourcecode.swift; path = QR_GeneratorUITests.swift; sourceTree = "<group>"; };
		670FC9A82C35EE4A0005D584 /* QR_GeneratorUITestsLaunchTests.swift */ = {isa = PBXFileReference; lastKnownFileType = sourcecode.swift; path = QR_GeneratorUITestsLaunchTests.swift; sourceTree = "<group>"; };
		670FC9B52C35FCD90005D584 /* ViewModel.swift */ = {isa = PBXFileReference; lastKnownFileType = sourcecode.swift; path = ViewModel.swift; sourceTree = "<group>"; };
		670FC9B72C4157FF0005D584 /* QRGeneration.swift */ = {isa = PBXFileReference; lastKnownFileType = sourcecode.swift; path = QRGeneration.swift; sourceTree = "<group>"; };
/* End PBXFileReference section */

/* Begin PBXFrameworksBuildPhase section */
		670FC97F2C35EE490005D584 /* Frameworks */ = {
			isa = PBXFrameworksBuildPhase;
			buildActionMask = 2147483647;
			files = (
			);
			runOnlyForDeploymentPostprocessing = 0;
		};
		670FC9952C35EE4A0005D584 /* Frameworks */ = {
			isa = PBXFrameworksBuildPhase;
			buildActionMask = 2147483647;
			files = (
			);
			runOnlyForDeploymentPostprocessing = 0;
		};
		670FC99F2C35EE4A0005D584 /* Frameworks */ = {
			isa = PBXFrameworksBuildPhase;
			buildActionMask = 2147483647;
			files = (
			);
			runOnlyForDeploymentPostprocessing = 0;
		};
/* End PBXFrameworksBuildPhase section */

/* Begin PBXGroup section */
		670FC9792C35EE490005D584 = {
			isa = PBXGroup;
			children = (
				670FC9842C35EE490005D584 /* QR Generator */,
				670FC99B2C35EE4A0005D584 /* QR GeneratorTests */,
				670FC9A52C35EE4A0005D584 /* QR GeneratorUITests */,
				670FC9832C35EE490005D584 /* Products */,
			);
			sourceTree = "<group>";
		};
		670FC9832C35EE490005D584 /* Products */ = {
			isa = PBXGroup;
			children = (
				670FC9822C35EE490005D584 /* QR Generator.app */,
				670FC9982C35EE4A0005D584 /* QR GeneratorTests.xctest */,
				670FC9A22C35EE4A0005D584 /* QR GeneratorUITests.xctest */,
			);
			name = Products;
			sourceTree = "<group>";
		};
		670FC9842C35EE490005D584 /* QR Generator */ = {
			isa = PBXGroup;
			children = (
				670FC9B52C35FCD90005D584 /* ViewModel.swift */,
				670FC9852C35EE490005D584 /* AppDelegate.swift */,
				670FC9872C35EE490005D584 /* SceneDelegate.swift */,
				670FC9892C35EE490005D584 /* ViewController.swift */,
				670FC98B2C35EE490005D584 /* Main.storyboard */,
				670FC98E2C35EE4A0005D584 /* Assets.xcassets */,
				670FC9902C35EE4A0005D584 /* LaunchScreen.storyboard */,
				670FC9932C35EE4A0005D584 /* Info.plist */,
				670FC9B72C4157FF0005D584 /* QRGeneration.swift */,
			);
			path = "QR Generator";
			sourceTree = "<group>";
		};
		670FC99B2C35EE4A0005D584 /* QR GeneratorTests */ = {
			isa = PBXGroup;
			children = (
				670FC99C2C35EE4A0005D584 /* QR_GeneratorTests.swift */,
			);
			path = "QR GeneratorTests";
			sourceTree = "<group>";
		};
		670FC9A52C35EE4A0005D584 /* QR GeneratorUITests */ = {
			isa = PBXGroup;
			children = (
				670FC9A62C35EE4A0005D584 /* QR_GeneratorUITests.swift */,
				670FC9A82C35EE4A0005D584 /* QR_GeneratorUITestsLaunchTests.swift */,
			);
			path = "QR GeneratorUITests";
			sourceTree = "<group>";
		};
/* End PBXGroup section */

/* Begin PBXNativeTarget section */
		670FC9812C35EE490005D584 /* QR Generator */ = {
			isa = PBXNativeTarget;
			buildConfigurationList = 670FC9AC2C35EE4A0005D584 /* Build configuration list for PBXNativeTarget "QR Generator" */;
			buildPhases = (
				670FC97E2C35EE490005D584 /* Sources */,
				670FC97F2C35EE490005D584 /* Frameworks */,
				670FC9802C35EE490005D584 /* Resources */,
			);
			buildRules = (
			);
			dependencies = (
			);
			name = "QR Generator";
			productName = "QR Generator";
			productReference = 670FC9822C35EE490005D584 /* QR Generator.app */;
			productType = "com.apple.product-type.application";
		};
		670FC9972C35EE4A0005D584 /* QR GeneratorTests */ = {
			isa = PBXNativeTarget;
			buildConfigurationList = 670FC9AF2C35EE4A0005D584 /* Build configuration list for PBXNativeTarget "QR GeneratorTests" */;
			buildPhases = (
				670FC9942C35EE4A0005D584 /* Sources */,
				670FC9952C35EE4A0005D584 /* Frameworks */,
				670FC9962C35EE4A0005D584 /* Resources */,
			);
			buildRules = (
			);
			dependencies = (
				670FC99A2C35EE4A0005D584 /* PBXTargetDependency */,
			);
			name = "QR GeneratorTests";
			productName = "QR GeneratorTests";
			productReference = 670FC9982C35EE4A0005D584 /* QR GeneratorTests.xctest */;
			productType = "com.apple.product-type.bundle.unit-test";
		};
		670FC9A12C35EE4A0005D584 /* QR GeneratorUITests */ = {
			isa = PBXNativeTarget;
			buildConfigurationList = 670FC9B22C35EE4A0005D584 /* Build configuration list for PBXNativeTarget "QR GeneratorUITests" */;
			buildPhases = (
				670FC99E2C35EE4A0005D584 /* Sources */,
				670FC99F2C35EE4A0005D584 /* Frameworks */,
				670FC9A02C35EE4A0005D584 /* Resources */,
			);
			buildRules = (
			);
			dependencies = (
				670FC9A42C35EE4A0005D584 /* PBXTargetDependency */,
			);
			name = "QR GeneratorUITests";
			productName = "QR GeneratorUITests";
			productReference = 670FC9A22C35EE4A0005D584 /* QR GeneratorUITests.xctest */;
			productType = "com.apple.product-type.bundle.ui-testing";
		};
/* End PBXNativeTarget section */

/* Begin PBXProject section */
		670FC97A2C35EE490005D584 /* Project object */ = {
			isa = PBXProject;
			attributes = {
				BuildIndependentTargetsInParallel = 1;
				LastSwiftUpdateCheck = 1540;
				LastUpgradeCheck = 1540;
				TargetAttributes = {
					670FC9812C35EE490005D584 = {
						CreatedOnToolsVersion = 15.4;
					};
					670FC9972C35EE4A0005D584 = {
						CreatedOnToolsVersion = 15.4;
						TestTargetID = 670FC9812C35EE490005D584;
					};
					670FC9A12C35EE4A0005D584 = {
						CreatedOnToolsVersion = 15.4;
						TestTargetID = 670FC9812C35EE490005D584;
					};
				};
			};
			buildConfigurationList = 670FC97D2C35EE490005D584 /* Build configuration list for PBXProject "QR Generator" */;
			compatibilityVersion = "Xcode 14.0";
			developmentRegion = en;
			hasScannedForEncodings = 0;
			knownRegions = (
				en,
				Base,
			);
			mainGroup = 670FC9792C35EE490005D584;
			productRefGroup = 670FC9832C35EE490005D584 /* Products */;
			projectDirPath = "";
			projectRoot = "";
			targets = (
				670FC9812C35EE490005D584 /* QR Generator */,
				670FC9972C35EE4A0005D584 /* QR GeneratorTests */,
				670FC9A12C35EE4A0005D584 /* QR GeneratorUITests */,
			);
		};
/* End PBXProject section */

/* Begin PBXResourcesBuildPhase section */
		670FC9802C35EE490005D584 /* Resources */ = {
			isa = PBXResourcesBuildPhase;
			buildActionMask = 2147483647;
			files = (
				670FC98F2C35EE4A0005D584 /* Assets.xcassets in Resources */,
				670FC9922C35EE4A0005D584 /* Base in Resources */,
				670FC98D2C35EE490005D584 /* Base in Resources */,
			);
			runOnlyForDeploymentPostprocessing = 0;
		};
		670FC9962C35EE4A0005D584 /* Resources */ = {
			isa = PBXResourcesBuildPhase;
			buildActionMask = 2147483647;
			files = (
			);
			runOnlyForDeploymentPostprocessing = 0;
		};
		670FC9A02C35EE4A0005D584 /* Resources */ = {
			isa = PBXResourcesBuildPhase;
			buildActionMask = 2147483647;
			files = (
			);
			runOnlyForDeploymentPostprocessing = 0;
		};
/* End PBXResourcesBuildPhase section */

/* Begin PBXSourcesBuildPhase section */
		670FC97E2C35EE490005D584 /* Sources */ = {
			isa = PBXSourcesBuildPhase;
			buildActionMask = 2147483647;
			files = (
				670FC98A2C35EE490005D584 /* ViewController.swift in Sources */,
				670FC9862C35EE490005D584 /* AppDelegate.swift in Sources */,
				670FC9B82C4157FF0005D584 /* QRGeneration.swift in Sources */,
				670FC9B62C35FCD90005D584 /* ViewModel.swift in Sources */,
				670FC9882C35EE490005D584 /* SceneDelegate.swift in Sources */,
			);
			runOnlyForDeploymentPostprocessing = 0;
		};
		670FC9942C35EE4A0005D584 /* Sources */ = {
			isa = PBXSourcesBuildPhase;
			buildActionMask = 2147483647;
			files = (
				670FC99D2C35EE4A0005D584 /* QR_GeneratorTests.swift in Sources */,
			);
			runOnlyForDeploymentPostprocessing = 0;
		};
		670FC99E2C35EE4A0005D584 /* Sources */ = {
			isa = PBXSourcesBuildPhase;
			buildActionMask = 2147483647;
			files = (
				670FC9A72C35EE4A0005D584 /* QR_GeneratorUITests.swift in Sources */,
				670FC9A92C35EE4A0005D584 /* QR_GeneratorUITestsLaunchTests.swift in Sources */,
			);
			runOnlyForDeploymentPostprocessing = 0;
		};
/* End PBXSourcesBuildPhase section */

/* Begin PBXTargetDependency section */
		670FC99A2C35EE4A0005D584 /* PBXTargetDependency */ = {
			isa = PBXTargetDependency;
			target = 670FC9812C35EE490005D584 /* QR Generator */;
			targetProxy = 670FC9992C35EE4A0005D584 /* PBXContainerItemProxy */;
		};
		670FC9A42C35EE4A0005D584 /* PBXTargetDependency */ = {
			isa = PBXTargetDependency;
			target = 670FC9812C35EE490005D584 /* QR Generator */;
			targetProxy = 670FC9A32C35EE4A0005D584 /* PBXContainerItemProxy */;
		};
/* End PBXTargetDependency section */

/* Begin PBXVariantGroup section */
		670FC98B2C35EE490005D584 /* Main.storyboard */ = {
			isa = PBXVariantGroup;
			children = (
				670FC98C2C35EE490005D584 /* Base */,
			);
			name = Main.storyboard;
			sourceTree = "<group>";
		};
		670FC9902C35EE4A0005D584 /* LaunchScreen.storyboard */ = {
			isa = PBXVariantGroup;
			children = (
				670FC9912C35EE4A0005D584 /* Base */,
			);
			name = LaunchScreen.storyboard;
			sourceTree = "<group>";
		};
/* End PBXVariantGroup section */

/* Begin XCBuildConfiguration section */
		670FC9AA2C35EE4A0005D584 /* Debug */ = {
			isa = XCBuildConfiguration;
			buildSettings = {
				ALWAYS_SEARCH_USER_PATHS = NO;
				ASSETCATALOG_COMPILER_GENERATE_SWIFT_ASSET_SYMBOL_EXTENSIONS = YES;
				CLANG_ANALYZER_NONNULL = YES;
				CLANG_ANALYZER_NUMBER_OBJECT_CONVERSION = YES_AGGRESSIVE;
				CLANG_CXX_LANGUAGE_STANDARD = "gnu++20";
				CLANG_ENABLE_MODULES = YES;
				CLANG_ENABLE_OBJC_ARC = YES;
				CLANG_ENABLE_OBJC_WEAK = YES;
				CLANG_WARN_BLOCK_CAPTURE_AUTORELEASING = YES;
				CLANG_WARN_BOOL_CONVERSION = YES;
				CLANG_WARN_COMMA = YES;
				CLANG_WARN_CONSTANT_CONVERSION = YES;
				CLANG_WARN_DEPRECATED_OBJC_IMPLEMENTATIONS = YES;
				CLANG_WARN_DIRECT_OBJC_ISA_USAGE = YES_ERROR;
				CLANG_WARN_DOCUMENTATION_COMMENTS = YES;
				CLANG_WARN_EMPTY_BODY = YES;
				CLANG_WARN_ENUM_CONVERSION = YES;
				CLANG_WARN_INFINITE_RECURSION = YES;
				CLANG_WARN_INT_CONVERSION = YES;
				CLANG_WARN_NON_LITERAL_NULL_CONVERSION = YES;
				CLANG_WARN_OBJC_IMPLICIT_RETAIN_SELF = YES;
				CLANG_WARN_OBJC_LITERAL_CONVERSION = YES;
				CLANG_WARN_OBJC_ROOT_CLASS = YES_ERROR;
				CLANG_WARN_QUOTED_INCLUDE_IN_FRAMEWORK_HEADER = YES;
				CLANG_WARN_RANGE_LOOP_ANALYSIS = YES;
				CLANG_WARN_STRICT_PROTOTYPES = YES;
				CLANG_WARN_SUSPICIOUS_MOVE = YES;
				CLANG_WARN_UNGUARDED_AVAILABILITY = YES_AGGRESSIVE;
				CLANG_WARN_UNREACHABLE_CODE = YES;
				CLANG_WARN__DUPLICATE_METHOD_MATCH = YES;
				COPY_PHASE_STRIP = NO;
				DEBUG_INFORMATION_FORMAT = dwarf;
				ENABLE_STRICT_OBJC_MSGSEND = YES;
				ENABLE_TESTABILITY = YES;
				ENABLE_USER_SCRIPT_SANDBOXING = YES;
				GCC_C_LANGUAGE_STANDARD = gnu17;
				GCC_DYNAMIC_NO_PIC = NO;
				GCC_NO_COMMON_BLOCKS = YES;
				GCC_OPTIMIZATION_LEVEL = 0;
				GCC_PREPROCESSOR_DEFINITIONS = (
					"DEBUG=1",
					"$(inherited)",
				);
				GCC_WARN_64_TO_32_BIT_CONVERSION = YES;
				GCC_WARN_ABOUT_RETURN_TYPE = YES_ERROR;
				GCC_WARN_UNDECLARED_SELECTOR = YES;
				GCC_WARN_UNINITIALIZED_AUTOS = YES_AGGRESSIVE;
				GCC_WARN_UNUSED_FUNCTION = YES;
				GCC_WARN_UNUSED_VARIABLE = YES;
				IPHONEOS_DEPLOYMENT_TARGET = 17.5;
				LOCALIZATION_PREFERS_STRING_CATALOGS = YES;
				MTL_ENABLE_DEBUG_INFO = INCLUDE_SOURCE;
				MTL_FAST_MATH = YES;
				ONLY_ACTIVE_ARCH = YES;
				SDKROOT = iphoneos;
				SWIFT_ACTIVE_COMPILATION_CONDITIONS = "DEBUG $(inherited)";
				SWIFT_OPTIMIZATION_LEVEL = "-Onone";
			};
			name = Debug;
		};
		670FC9AB2C35EE4A0005D584 /* Release */ = {
			isa = XCBuildConfiguration;
			buildSettings = {
				ALWAYS_SEARCH_USER_PATHS = NO;
				ASSETCATALOG_COMPILER_GENERATE_SWIFT_ASSET_SYMBOL_EXTENSIONS = YES;
				CLANG_ANALYZER_NONNULL = YES;
				CLANG_ANALYZER_NUMBER_OBJECT_CONVERSION = YES_AGGRESSIVE;
				CLANG_CXX_LANGUAGE_STANDARD = "gnu++20";
				CLANG_ENABLE_MODULES = YES;
				CLANG_ENABLE_OBJC_ARC = YES;
				CLANG_ENABLE_OBJC_WEAK = YES;
				CLANG_WARN_BLOCK_CAPTURE_AUTORELEASING = YES;
				CLANG_WARN_BOOL_CONVERSION = YES;
				CLANG_WARN_COMMA = YES;
				CLANG_WARN_CONSTANT_CONVERSION = YES;
				CLANG_WARN_DEPRECATED_OBJC_IMPLEMENTATIONS = YES;
				CLANG_WARN_DIRECT_OBJC_ISA_USAGE = YES_ERROR;
				CLANG_WARN_DOCUMENTATION_COMMENTS = YES;
				CLANG_WARN_EMPTY_BODY = YES;
				CLANG_WARN_ENUM_CONVERSION = YES;
				CLANG_WARN_INFINITE_RECURSION = YES;
				CLANG_WARN_INT_CONVERSION = YES;
				CLANG_WARN_NON_LITERAL_NULL_CONVERSION = YES;
				CLANG_WARN_OBJC_IMPLICIT_RETAIN_SELF = YES;
				CLANG_WARN_OBJC_LITERAL_CONVERSION = YES;
				CLANG_WARN_OBJC_ROOT_CLASS = YES_ERROR;
				CLANG_WARN_QUOTED_INCLUDE_IN_FRAMEWORK_HEADER = YES;
				CLANG_WARN_RANGE_LOOP_ANALYSIS = YES;
				CLANG_WARN_STRICT_PROTOTYPES = YES;
				CLANG_WARN_SUSPICIOUS_MOVE = YES;
				CLANG_WARN_UNGUARDED_AVAILABILITY = YES_AGGRESSIVE;
				CLANG_WARN_UNREACHABLE_CODE = YES;
				CLANG_WARN__DUPLICATE_METHOD_MATCH = YES;
				COPY_PHASE_STRIP = NO;
				DEBUG_INFORMATION_FORMAT = "dwarf-with-dsym";
				ENABLE_NS_ASSERTIONS = NO;
				ENABLE_STRICT_OBJC_MSGSEND = YES;
				ENABLE_USER_SCRIPT_SANDBOXING = YES;
				GCC_C_LANGUAGE_STANDARD = gnu17;
				GCC_NO_COMMON_BLOCKS = YES;
				GCC_WARN_64_TO_32_BIT_CONVERSION = YES;
				GCC_WARN_ABOUT_RETURN_TYPE = YES_ERROR;
				GCC_WARN_UNDECLARED_SELECTOR = YES;
				GCC_WARN_UNINITIALIZED_AUTOS = YES_AGGRESSIVE;
				GCC_WARN_UNUSED_FUNCTION = YES;
				GCC_WARN_UNUSED_VARIABLE = YES;
				IPHONEOS_DEPLOYMENT_TARGET = 17.5;
				LOCALIZATION_PREFERS_STRING_CATALOGS = YES;
				MTL_ENABLE_DEBUG_INFO = NO;
				MTL_FAST_MATH = YES;
				SDKROOT = iphoneos;
				SWIFT_COMPILATION_MODE = wholemodule;
				VALIDATE_PRODUCT = YES;
			};
			name = Release;
		};
		670FC9AD2C35EE4A0005D584 /* Debug */ = {
			isa = XCBuildConfiguration;
			buildSettings = {
				ASSETCATALOG_COMPILER_APPICON_NAME = AppIcon;
				ASSETCATALOG_COMPILER_GLOBAL_ACCENT_COLOR_NAME = AccentColor;
				CODE_SIGN_STYLE = Automatic;
				CURRENT_PROJECT_VERSION = 1;
				DEVELOPMENT_TEAM = 9U8MHZG7ZR;
				GENERATE_INFOPLIST_FILE = YES;
				INFOPLIST_FILE = "QR Generator/Info.plist";
				INFOPLIST_KEY_UIApplicationSupportsIndirectInputEvents = YES;
				INFOPLIST_KEY_UILaunchStoryboardName = LaunchScreen;
				INFOPLIST_KEY_UIMainStoryboardFile = Main;
				INFOPLIST_KEY_UISupportedInterfaceOrientations_iPad = "UIInterfaceOrientationPortrait UIInterfaceOrientationPortraitUpsideDown UIInterfaceOrientationLandscapeLeft UIInterfaceOrientationLandscapeRight";
				INFOPLIST_KEY_UISupportedInterfaceOrientations_iPhone = "UIInterfaceOrientationPortrait UIInterfaceOrientationLandscapeLeft UIInterfaceOrientationLandscapeRight";
				LD_RUNPATH_SEARCH_PATHS = (
					"$(inherited)",
					"@executable_path/Frameworks",
				);
				MARKETING_VERSION = 1.0;
				PRODUCT_BUNDLE_IDENTIFIER = "btcturk.QR-Generator";
				PRODUCT_NAME = "$(TARGET_NAME)";
				SWIFT_EMIT_LOC_STRINGS = YES;
				SWIFT_VERSION = 5.0;
				TARGETED_DEVICE_FAMILY = "1,2";
			};
			name = Debug;
		};
		670FC9AE2C35EE4A0005D584 /* Release */ = {
			isa = XCBuildConfiguration;
			buildSettings = {
				ASSETCATALOG_COMPILER_APPICON_NAME = AppIcon;
				ASSETCATALOG_COMPILER_GLOBAL_ACCENT_COLOR_NAME = AccentColor;
				CODE_SIGN_STYLE = Automatic;
				CURRENT_PROJECT_VERSION = 1;
				DEVELOPMENT_TEAM = 9U8MHZG7ZR;
				GENERATE_INFOPLIST_FILE = YES;
				INFOPLIST_FILE = "QR Generator/Info.plist";
				INFOPLIST_KEY_UIApplicationSupportsIndirectInputEvents = YES;
				INFOPLIST_KEY_UILaunchStoryboardName = LaunchScreen;
				INFOPLIST_KEY_UIMainStoryboardFile = Main;
				INFOPLIST_KEY_UISupportedInterfaceOrientations_iPad = "UIInterfaceOrientationPortrait UIInterfaceOrientationPortraitUpsideDown UIInterfaceOrientationLandscapeLeft UIInterfaceOrientationLandscapeRight";
				INFOPLIST_KEY_UISupportedInterfaceOrientations_iPhone = "UIInterfaceOrientationPortrait UIInterfaceOrientationLandscapeLeft UIInterfaceOrientationLandscapeRight";
				LD_RUNPATH_SEARCH_PATHS = (
					"$(inherited)",
					"@executable_path/Frameworks",
				);
				MARKETING_VERSION = 1.0;
				PRODUCT_BUNDLE_IDENTIFIER = "btcturk.QR-Generator";
				PRODUCT_NAME = "$(TARGET_NAME)";
				SWIFT_EMIT_LOC_STRINGS = YES;
				SWIFT_VERSION = 5.0;
				TARGETED_DEVICE_FAMILY = "1,2";
			};
			name = Release;
		};
		670FC9B02C35EE4A0005D584 /* Debug */ = {
			isa = XCBuildConfiguration;
			buildSettings = {
				ALWAYS_EMBED_SWIFT_STANDARD_LIBRARIES = YES;
				BUNDLE_LOADER = "$(TEST_HOST)";
				CODE_SIGN_STYLE = Automatic;
				CURRENT_PROJECT_VERSION = 1;
				DEVELOPMENT_TEAM = 9U8MHZG7ZR;
				GENERATE_INFOPLIST_FILE = YES;
				IPHONEOS_DEPLOYMENT_TARGET = 17.5;
				MARKETING_VERSION = 1.0;
				PRODUCT_BUNDLE_IDENTIFIER = "btcturk.QR-GeneratorTests";
				PRODUCT_NAME = "$(TARGET_NAME)";
				SWIFT_EMIT_LOC_STRINGS = NO;
				SWIFT_VERSION = 5.0;
				TARGETED_DEVICE_FAMILY = "1,2";
				TEST_HOST = "$(BUILT_PRODUCTS_DIR)/QR Generator.app/$(BUNDLE_EXECUTABLE_FOLDER_PATH)/QR Generator";
			};
			name = Debug;
		};
		670FC9B12C35EE4A0005D584 /* Release */ = {
			isa = XCBuildConfiguration;
			buildSettings = {
				ALWAYS_EMBED_SWIFT_STANDARD_LIBRARIES = YES;
				BUNDLE_LOADER = "$(TEST_HOST)";
				CODE_SIGN_STYLE = Automatic;
				CURRENT_PROJECT_VERSION = 1;
				DEVELOPMENT_TEAM = 9U8MHZG7ZR;
				GENERATE_INFOPLIST_FILE = YES;
				IPHONEOS_DEPLOYMENT_TARGET = 17.5;
				MARKETING_VERSION = 1.0;
				PRODUCT_BUNDLE_IDENTIFIER = "btcturk.QR-GeneratorTests";
				PRODUCT_NAME = "$(TARGET_NAME)";
				SWIFT_EMIT_LOC_STRINGS = NO;
				SWIFT_VERSION = 5.0;
				TARGETED_DEVICE_FAMILY = "1,2";
				TEST_HOST = "$(BUILT_PRODUCTS_DIR)/QR Generator.app/$(BUNDLE_EXECUTABLE_FOLDER_PATH)/QR Generator";
			};
			name = Release;
		};
		670FC9B32C35EE4A0005D584 /* Debug */ = {
			isa = XCBuildConfiguration;
			buildSettings = {
				ALWAYS_EMBED_SWIFT_STANDARD_LIBRARIES = YES;
				CODE_SIGN_STYLE = Automatic;
				CURRENT_PROJECT_VERSION = 1;
				DEVELOPMENT_TEAM = 9U8MHZG7ZR;
				GENERATE_INFOPLIST_FILE = YES;
				MARKETING_VERSION = 1.0;
				PRODUCT_BUNDLE_IDENTIFIER = "btcturk.QR-GeneratorUITests";
				PRODUCT_NAME = "$(TARGET_NAME)";
				SWIFT_EMIT_LOC_STRINGS = NO;
				SWIFT_VERSION = 5.0;
				TARGETED_DEVICE_FAMILY = "1,2";
				TEST_TARGET_NAME = "QR Generator";
			};
			name = Debug;
		};
		670FC9B42C35EE4A0005D584 /* Release */ = {
			isa = XCBuildConfiguration;
			buildSettings = {
				ALWAYS_EMBED_SWIFT_STANDARD_LIBRARIES = YES;
				CODE_SIGN_STYLE = Automatic;
				CURRENT_PROJECT_VERSION = 1;
				DEVELOPMENT_TEAM = 9U8MHZG7ZR;
				GENERATE_INFOPLIST_FILE = YES;
				MARKETING_VERSION = 1.0;
				PRODUCT_BUNDLE_IDENTIFIER = "btcturk.QR-GeneratorUITests";
				PRODUCT_NAME = "$(TARGET_NAME)";
				SWIFT_EMIT_LOC_STRINGS = NO;
				SWIFT_VERSION = 5.0;
				TARGETED_DEVICE_FAMILY = "1,2";
				TEST_TARGET_NAME = "QR Generator";
			};
			name = Release;
		};
/* End XCBuildConfiguration section */

/* Begin XCConfigurationList section */
		670FC97D2C35EE490005D584 /* Build configuration list for PBXProject "QR Generator" */ = {
			isa = XCConfigurationList;
			buildConfigurations = (
				670FC9AA2C35EE4A0005D584 /* Debug */,
				670FC9AB2C35EE4A0005D584 /* Release */,
			);
			defaultConfigurationIsVisible = 0;
			defaultConfigurationName = Release;
		};
		670FC9AC2C35EE4A0005D584 /* Build configuration list for PBXNativeTarget "QR Generator" */ = {
			isa = XCConfigurationList;
			buildConfigurations = (
				670FC9AD2C35EE4A0005D584 /* Debug */,
				670FC9AE2C35EE4A0005D584 /* Release */,
			);
			defaultConfigurationIsVisible = 0;
			defaultConfigurationName = Release;
		};
		670FC9AF2C35EE4A0005D584 /* Build configuration list for PBXNativeTarget "QR GeneratorTests" */ = {
			isa = XCConfigurationList;
			buildConfigurations = (
				670FC9B02C35EE4A0005D584 /* Debug */,
				670FC9B12C35EE4A0005D584 /* Release */,
			);
			defaultConfigurationIsVisible = 0;
			defaultConfigurationName = Release;
		};
		670FC9B22C35EE4A0005D584 /* Build configuration list for PBXNativeTarget "QR GeneratorUITests" */ = {
			isa = XCConfigurationList;
			buildConfigurations = (
				670FC9B32C35EE4A0005D584 /* Debug */,
				670FC9B42C35EE4A0005D584 /* Release */,
			);
			defaultConfigurationIsVisible = 0;
			defaultConfigurationName = Release;
		};
/* End XCConfigurationList section */
	};
	rootObject = 670FC97A2C35EE490005D584 /* Project object */;
}
